
Microsoft Visual Studio Solution File, Format Version 12.00
# Visual Studio Version 17
VisualStudioVersion = 17.5.002.0
MinimumVisualStudioVersion = 10.0.40219.1
Project("{9A19103F-16F7-4668-BE54-9A1E7A4F7556}") = "TestLabManagerAppWPF", "TestLabManagerAppWPF.csproj", "{7BDF0D71-E1BE-4166-A1EA-D6248C8F568E}"
EndProject
Global
	GlobalSection(SolutionConfigurationPlatforms) = preSolution
		Debug|Any CPU = Debug|Any CPU
		Release|Any CPU = Release|Any CPU
	EndGlobalSection
	GlobalSection(ProjectConfigurationPlatforms) = postSolution
		{7BDF0D71-E1BE-4166-A1EA-D6248C8F568E}.Debug|Any CPU.ActiveCfg = Debug|Any CPU
		{7BDF0D71-E1BE-4166-A1EA-D6248C8F568E}.Debug|Any CPU.Build.0 = Debug|Any CPU
		{7BDF0D71-E1BE-4166-A1EA-D6248C8F568E}.Release|Any CPU.ActiveCfg = Release|Any CPU
		{7BDF0D71-E1BE-4166-A1EA-D6248C8F568E}.Release|Any CPU.Build.0 = Release|Any CPU
	EndGlobalSection
	GlobalSection(SolutionProperties) = preSolution
		HideSolutionNode = FALSE
	EndGlobalSection
	GlobalSection(ExtensibilityGlobals) = postSolution
		SolutionGuid = {A59A4A66-55A8-4105-B0AD-5D9ED1FD8A2F}
	EndGlobalSection
EndGlobal
